// !$*UTF8*$!
{
	archiveVersion = 1;
	classes = {
	};
	objectVersion = 56;
	objects = {

/* Begin PBXBuildFile section */
		348411132A04057200329394 /* AppDelegate.swift in Sources */ = {isa = PBXBuildFile; fileRef = 348411122A04057200329394 /* AppDelegate.swift */; };
		348411152A04057200329394 /* SceneDelegate.swift in Sources */ = {isa = PBXBuildFile; fileRef = 348411142A04057200329394 /* SceneDelegate.swift */; };
		3484111C2A04057300329394 /* Assets.xcassets in Resources */ = {isa = PBXBuildFile; fileRef = 3484111B2A04057300329394 /* Assets.xcassets */; };
		3484111F2A04057300329394 /* LaunchScreen.storyboard in Resources */ = {isa = PBXBuildFile; fileRef = 3484111D2A04057300329394 /* LaunchScreen.storyboard */; };
		348411272A04061300329394 /* CryptocurrencyListViewController.swift in Sources */ = {isa = PBXBuildFile; fileRef = 348411262A04061300329394 /* CryptocurrencyListViewController.swift */; };
		348411292A04063100329394 /* CryptocurrencyListInteractor.swift in Sources */ = {isa = PBXBuildFile; fileRef = 348411282A04063100329394 /* CryptocurrencyListInteractor.swift */; };
		3484112B2A04064E00329394 /* CryptocurrencyListPresenter.swift in Sources */ = {isa = PBXBuildFile; fileRef = 3484112A2A04064E00329394 /* CryptocurrencyListPresenter.swift */; };
		3484112D2A04066100329394 /* Cryptocurrency.swift in Sources */ = {isa = PBXBuildFile; fileRef = 3484112C2A04066100329394 /* Cryptocurrency.swift */; };
		3484112F2A04067200329394 /* CryptocurrencyListRouter.swift in Sources */ = {isa = PBXBuildFile; fileRef = 3484112E2A04067200329394 /* CryptocurrencyListRouter.swift */; };
		348411362A054C7B00329394 /* CryptocurrencyDetailViewController.swift in Sources */ = {isa = PBXBuildFile; fileRef = 348411352A054C7B00329394 /* CryptocurrencyDetailViewController.swift */; };
		55C85F830F467AE946F71284 /* Foundation.framework in Frameworks */ = {isa = PBXBuildFile; fileRef = 2AD2BCEAFA406B5BB2EF4384 /* Foundation.framework */; };
		FE2C5C6D7FAE9BC8D07A289A /* CryptoTests.swift in Sources */ = {isa = PBXBuildFile; fileRef = D0A2E6AF7A5B4AE8C7DCABBC /* CryptoTests.swift */; };
/* End PBXBuildFile section */

/* Begin PBXContainerItemProxy section */
		EE5811DDD7DBF4F44615CA1B /* PBXContainerItemProxy */ = {
			isa = PBXContainerItemProxy;
			containerPortal = 348411072A04057200329394 /* Project object */;
			proxyType = 1;
			remoteGlobalIDString = 3484110E2A04057200329394;
			remoteInfo = CryptViper;
		};
/* End PBXContainerItemProxy section */

/* Begin PBXFileReference section */
		2AD2BCEAFA406B5BB2EF4384 /* Foundation.framework */ = {isa = PBXFileReference; lastKnownFileType = wrapper.framework; name = Foundation.framework; path = Platforms/iPhoneOS.platform/Developer/SDKs/iPhoneOS18.0.sdk/System/Library/Frameworks/Foundation.framework; sourceTree = DEVELOPER_DIR; };
		3484110F2A04057200329394 /* CryptViper.app */ = {isa = PBXFileReference; explicitFileType = wrapper.application; includeInIndex = 0; path = CryptViper.app; sourceTree = BUILT_PRODUCTS_DIR; };
		348411122A04057200329394 /* AppDelegate.swift */ = {isa = PBXFileReference; lastKnownFileType = sourcecode.swift; path = AppDelegate.swift; sourceTree = "<group>"; };
		348411142A04057200329394 /* SceneDelegate.swift */ = {isa = PBXFileReference; lastKnownFileType = sourcecode.swift; path = SceneDelegate.swift; sourceTree = "<group>"; };
		3484111B2A04057300329394 /* Assets.xcassets */ = {isa = PBXFileReference; lastKnownFileType = folder.assetcatalog; path = Assets.xcassets; sourceTree = "<group>"; };
		3484111E2A04057300329394 /* Base */ = {isa = PBXFileReference; lastKnownFileType = file.storyboard; name = Base; path = Base.lproj/LaunchScreen.storyboard; sourceTree = "<group>"; };
		348411202A04057300329394 /* Info.plist */ = {isa = PBXFileReference; lastKnownFileType = text.plist.xml; path = Info.plist; sourceTree = "<group>"; };
		348411262A04061300329394 /* CryptocurrencyListViewController.swift */ = {isa = PBXFileReference; lastKnownFileType = sourcecode.swift; path = CryptocurrencyListViewController.swift; sourceTree = "<group>"; };
		348411282A04063100329394 /* CryptocurrencyListInteractor.swift */ = {isa = PBXFileReference; lastKnownFileType = sourcecode.swift; path = CryptocurrencyListInteractor.swift; sourceTree = "<group>"; };
		3484112A2A04064E00329394 /* CryptocurrencyListPresenter.swift */ = {isa = PBXFileReference; lastKnownFileType = sourcecode.swift; path = CryptocurrencyListPresenter.swift; sourceTree = "<group>"; };
		3484112C2A04066100329394 /* Cryptocurrency.swift */ = {isa = PBXFileReference; lastKnownFileType = sourcecode.swift; path = Cryptocurrency.swift; sourceTree = "<group>"; };
		3484112E2A04067200329394 /* CryptocurrencyListRouter.swift */ = {isa = PBXFileReference; lastKnownFileType = sourcecode.swift; path = CryptocurrencyListRouter.swift; sourceTree = "<group>"; };
		348411352A054C7B00329394 /* CryptocurrencyDetailViewController.swift */ = {isa = PBXFileReference; lastKnownFileType = sourcecode.swift; path = CryptocurrencyDetailViewController.swift; sourceTree = "<group>"; };
		386DC305D410D484791252EF /* CryptViperTests.xctest */ = {isa = PBXFileReference; explicitFileType = wrapper.cfbundle; includeInIndex = 0; path = CryptViperTests.xctest; sourceTree = BUILT_PRODUCTS_DIR; };
		D0A2E6AF7A5B4AE8C7DCABBC /* CryptoTests.swift */ = {isa = PBXFileReference; includeInIndex = 1; lastKnownFileType = sourcecode.swift; path = CryptoTests.swift; sourceTree = "<group>"; };
/* End PBXFileReference section */

/* Begin PBXFrameworksBuildPhase section */
		0DB9FCCD5BEF45B635993A7A /* Frameworks */ = {
			isa = PBXFrameworksBuildPhase;
			buildActionMask = 2147483647;
			files = (
				55C85F830F467AE946F71284 /* Foundation.framework in Frameworks */,
			);
			runOnlyForDeploymentPostprocessing = 0;
		};
		3484110C2A04057200329394 /* Frameworks */ = {
			isa = PBXFrameworksBuildPhase;
			buildActionMask = 2147483647;
			files = (
			);
			runOnlyForDeploymentPostprocessing = 0;
		};
/* End PBXFrameworksBuildPhase section */

/* Begin PBXGroup section */
		348411062A04057200329394 = {
			isa = PBXGroup;
			children = (
				348411112A04057200329394 /* CryptViper */,
				348411102A04057200329394 /* Products */,
				3A40B499AADE1635470ACCCF /* Frameworks */,
				9DEE06B1A903A9B4F3A9AED3 /* CryptViperTests */,
			);
			sourceTree = "<group>";
		};
		348411102A04057200329394 /* Products */ = {
			isa = PBXGroup;
			children = (
				3484110F2A04057200329394 /* CryptViper.app */,
				386DC305D410D484791252EF /* CryptViperTests.xctest */,
			);
			name = Products;
			sourceTree = "<group>";
		};
		348411112A04057200329394 /* CryptViper */ = {
			isa = PBXGroup;
			children = (
				348411342A054C4900329394 /* Detail */,
				348411332A054C1C00329394 /* Crypto */,
				348411122A04057200329394 /* AppDelegate.swift */,
				348411142A04057200329394 /* SceneDelegate.swift */,
				3484111B2A04057300329394 /* Assets.xcassets */,
				3484111D2A04057300329394 /* LaunchScreen.storyboard */,
				348411202A04057300329394 /* Info.plist */,
			);
			path = CryptViper;
			sourceTree = "<group>";
		};
		348411332A054C1C00329394 /* Crypto */ = {
			isa = PBXGroup;
			children = (
				348411262A04061300329394 /* CryptocurrencyListViewController.swift */,
				348411282A04063100329394 /* CryptocurrencyListInteractor.swift */,
				3484112A2A04064E00329394 /* CryptocurrencyListPresenter.swift */,
				3484112C2A04066100329394 /* Cryptocurrency.swift */,
				3484112E2A04067200329394 /* CryptocurrencyListRouter.swift */,
			);
			path = Crypto;
			sourceTree = "<group>";
		};
		348411342A054C4900329394 /* Detail */ = {
			isa = PBXGroup;
			children = (
				348411352A054C7B00329394 /* CryptocurrencyDetailViewController.swift */,
			);
			path = Detail;
			sourceTree = "<group>";
		};
		3A40B499AADE1635470ACCCF /* Frameworks */ = {
			isa = PBXGroup;
			children = (
				5B05DC3D46B7DEC508B67420 /* iOS */,
			);
			name = Frameworks;
			sourceTree = "<group>";
		};
		5B05DC3D46B7DEC508B67420 /* iOS */ = {
			isa = PBXGroup;
			children = (
				2AD2BCEAFA406B5BB2EF4384 /* Foundation.framework */,
			);
			name = iOS;
			sourceTree = "<group>";
		};
		9DEE06B1A903A9B4F3A9AED3 /* CryptViperTests */ = {
			isa = PBXGroup;
			children = (
				D0A2E6AF7A5B4AE8C7DCABBC /* CryptoTests.swift */,
			);
			name = CryptViperTests;
			path = CryptViperTests;
			sourceTree = "<group>";
		};
/* End PBXGroup section */

/* Begin PBXNativeTarget section */
		3484110E2A04057200329394 /* CryptViper */ = {
			isa = PBXNativeTarget;
			buildConfigurationList = 348411232A04057300329394 /* Build configuration list for PBXNativeTarget "CryptViper" */;
			buildPhases = (
				3484110B2A04057200329394 /* Sources */,
				3484110C2A04057200329394 /* Frameworks */,
				3484110D2A04057200329394 /* Resources */,
			);
			buildRules = (
			);
			dependencies = (
			);
			name = CryptViper;
			productName = CryptViper;
			productReference = 3484110F2A04057200329394 /* CryptViper.app */;
			productType = "com.apple.product-type.application";
		};
		F8FB6DD2818414D8BC4D9856 /* CryptViperTests */ = {
			isa = PBXNativeTarget;
			buildConfigurationList = 40D2B7F79001915BB8B344A1 /* Build configuration list for PBXNativeTarget "CryptViperTests" */;
			buildPhases = (
				894843371A28B28100DEDBF3 /* Sources */,
				0DB9FCCD5BEF45B635993A7A /* Frameworks */,
				F78786322A7C382850857D61 /* Resources */,
			);
			buildRules = (
			);
			dependencies = (
				2755108C8359446172B8E964 /* PBXTargetDependency */,
			);
			name = CryptViperTests;
			productName = CryptViperTests;
			productReference = 386DC305D410D484791252EF /* CryptViperTests.xctest */;
			productType = "com.apple.product-type.bundle.unit-test";
		};
/* End PBXNativeTarget section */

/* Begin PBXProject section */
		348411072A04057200329394 /* Project object */ = {
			isa = PBXProject;
			attributes = {
				BuildIndependentTargetsInParallel = 1;
				LastSwiftUpdateCheck = 1410;
				LastUpgradeCheck = 1410;
				TargetAttributes = {
					3484110E2A04057200329394 = {
						CreatedOnToolsVersion = 14.1;
					};
				};
			};
			buildConfigurationList = 3484110A2A04057200329394 /* Build configuration list for PBXProject "CryptViper" */;
			compatibilityVersion = "Xcode 14.0";
			developmentRegion = en;
			hasScannedForEncodings = 0;
			knownRegions = (
				en,
				Base,
			);
			mainGroup = 348411062A04057200329394;
			productRefGroup = 348411102A04057200329394 /* Products */;
			projectDirPath = "";
			projectRoot = "";
			targets = (
				3484110E2A04057200329394 /* CryptViper */,
				F8FB6DD2818414D8BC4D9856 /* CryptViperTests */,
			);
		};
/* End PBXProject section */

/* Begin PBXResourcesBuildPhase section */
		3484110D2A04057200329394 /* Resources */ = {
			isa = PBXResourcesBuildPhase;
			buildActionMask = 2147483647;
			files = (
				3484111F2A04057300329394 /* LaunchScreen.storyboard in Resources */,
				3484111C2A04057300329394 /* Assets.xcassets in Resources */,
			);
			runOnlyForDeploymentPostprocessing = 0;
		};
		F78786322A7C382850857D61 /* Resources */ = {
			isa = PBXResourcesBuildPhase;
			buildActionMask = 2147483647;
			files = (
			);
			runOnlyForDeploymentPostprocessing = 0;
		};
/* End PBXResourcesBuildPhase section */

/* Begin PBXSourcesBuildPhase section */
		3484110B2A04057200329394 /* Sources */ = {
			isa = PBXSourcesBuildPhase;
			buildActionMask = 2147483647;
			files = (
				3484112F2A04067200329394 /* CryptocurrencyListRouter.swift in Sources */,
				348411362A054C7B00329394 /* CryptocurrencyDetailViewController.swift in Sources */,
				3484112B2A04064E00329394 /* CryptocurrencyListPresenter.swift in Sources */,
				348411272A04061300329394 /* CryptocurrencyListViewController.swift in Sources */,
				3484112D2A04066100329394 /* Cryptocurrency.swift in Sources */,
				348411292A04063100329394 /* CryptocurrencyListInteractor.swift in Sources */,
				348411132A04057200329394 /* AppDelegate.swift in Sources */,
				348411152A04057200329394 /* SceneDelegate.swift in Sources */,
			);
			runOnlyForDeploymentPostprocessing = 0;
		};
		894843371A28B28100DEDBF3 /* Sources */ = {
			isa = PBXSourcesBuildPhase;
			buildActionMask = 2147483647;
			files = (
				FE2C5C6D7FAE9BC8D07A289A /* CryptoTests.swift in Sources */,
			);
			runOnlyForDeploymentPostprocessing = 0;
		};
/* End PBXSourcesBuildPhase section */

/* Begin PBXTargetDependency section */
		2755108C8359446172B8E964 /* PBXTargetDependency */ = {
			isa = PBXTargetDependency;
			name = CryptViper;
			target = 3484110E2A04057200329394 /* CryptViper */;
			targetProxy = EE5811DDD7DBF4F44615CA1B /* PBXContainerItemProxy */;
		};
/* End PBXTargetDependency section */

/* Begin PBXVariantGroup section */
		3484111D2A04057300329394 /* LaunchScreen.storyboard */ = {
			isa = PBXVariantGroup;
			children = (
				3484111E2A04057300329394 /* Base */,
			);
			name = LaunchScreen.storyboard;
			sourceTree = "<group>";
		};
/* End PBXVariantGroup section */

/* Begin XCBuildConfiguration section */
		0749204F47DE30A75C52F2D5 /* Release */ = {
			isa = XCBuildConfiguration;
			buildSettings = {
				BUNDLE_LOADER = "$(TEST_HOST)";
				CLANG_ENABLE_OBJC_WEAK = NO;
				GENERATE_INFOPLIST_FILE = YES;
				IPHONEOS_DEPLOYMENT_TARGET = 16.1;
				PRODUCT_BUNDLE_IDENTIFIER = com.riofujimon.CryptViperTests;
				PRODUCT_NAME = "$(TARGET_NAME)";
				SDKROOT = iphoneos;
				SWIFT_VERSION = 5.0;
				TEST_HOST = "$(BUILT_PRODUCTS_DIR)/CryptViper.app/CryptViper";
				VALIDATE_PRODUCT = YES;
			};
			name = Release;
		};
		115AAC276DB13502199AD4C4 /* Debug */ = {
			isa = XCBuildConfiguration;
			buildSettings = {
				BUNDLE_LOADER = "$(TEST_HOST)";
				CLANG_ENABLE_OBJC_WEAK = NO;
				GENERATE_INFOPLIST_FILE = YES;
				IPHONEOS_DEPLOYMENT_TARGET = 16.1;
				PRODUCT_BUNDLE_IDENTIFIER = com.riofujimon.CryptViperTests;
				PRODUCT_NAME = "$(TARGET_NAME)";
				SDKROOT = iphoneos;
				SWIFT_VERSION = 5.0;
				TEST_HOST = "$(BUILT_PRODUCTS_DIR)/CryptViper.app/CryptViper";
			};
			name = Debug;
		};
		348411212A04057300329394 /* Debug */ = {
			isa = XCBuildConfiguration;
			buildSettings = {
				ALWAYS_SEARCH_USER_PATHS = NO;
				CLANG_ANALYZER_NONNULL = YES;
				CLANG_ANALYZER_NUMBER_OBJECT_CONVERSION = YES_AGGRESSIVE;
				CLANG_CXX_LANGUAGE_STANDARD = "gnu++20";
				CLANG_ENABLE_MODULES = YES;
				CLANG_ENABLE_OBJC_ARC = YES;
				CLANG_ENABLE_OBJC_WEAK = YES;
				CLANG_WARN_BLOCK_CAPTURE_AUTORELEASING = YES;
				CLANG_WARN_BOOL_CONVERSION = YES;
				CLANG_WARN_COMMA = YES;
				CLANG_WARN_CONSTANT_CONVERSION = YES;
				CLANG_WARN_DEPRECATED_OBJC_IMPLEMENTATIONS = YES;
				CLANG_WARN_DIRECT_OBJC_ISA_USAGE = YES_ERROR;
				CLANG_WARN_DOCUMENTATION_COMMENTS = YES;
				CLANG_WARN_EMPTY_BODY = YES;
				CLANG_WARN_ENUM_CONVERSION = YES;
				CLANG_WARN_INFINITE_RECURSION = YES;
				CLANG_WARN_INT_CONVERSION = YES;
				CLANG_WARN_NON_LITERAL_NULL_CONVERSION = YES;
				CLANG_WARN_OBJC_IMPLICIT_RETAIN_SELF = YES;
				CLANG_WARN_OBJC_LITERAL_CONVERSION = YES;
				CLANG_WARN_OBJC_ROOT_CLASS = YES_ERROR;
				CLANG_WARN_QUOTED_INCLUDE_IN_FRAMEWORK_HEADER = YES;
				CLANG_WARN_RANGE_LOOP_ANALYSIS = YES;
				CLANG_WARN_STRICT_PROTOTYPES = YES;
				CLANG_WARN_SUSPICIOUS_MOVE = YES;
				CLANG_WARN_UNGUARDED_AVAILABILITY = YES_AGGRESSIVE;
				CLANG_WARN_UNREACHABLE_CODE = YES;
				CLANG_WARN__DUPLICATE_METHOD_MATCH = YES;
				COPY_PHASE_STRIP = NO;
				DEBUG_INFORMATION_FORMAT = dwarf;
				ENABLE_STRICT_OBJC_MSGSEND = YES;
				ENABLE_TESTABILITY = YES;
				GCC_C_LANGUAGE_STANDARD = gnu11;
				GCC_DYNAMIC_NO_PIC = NO;
				GCC_NO_COMMON_BLOCKS = YES;
				GCC_OPTIMIZATION_LEVEL = 0;
				GCC_PREPROCESSOR_DEFINITIONS = (
					"DEBUG=1",
					"$(inherited)",
				);
				GCC_WARN_64_TO_32_BIT_CONVERSION = YES;
				GCC_WARN_ABOUT_RETURN_TYPE = YES_ERROR;
				GCC_WARN_UNDECLARED_SELECTOR = YES;
				GCC_WARN_UNINITIALIZED_AUTOS = YES_AGGRESSIVE;
				GCC_WARN_UNUSED_FUNCTION = YES;
				GCC_WARN_UNUSED_VARIABLE = YES;
				IPHONEOS_DEPLOYMENT_TARGET = 16.1;
				MTL_ENABLE_DEBUG_INFO = INCLUDE_SOURCE;
				MTL_FAST_MATH = YES;
				ONLY_ACTIVE_ARCH = YES;
				SDKROOT = iphoneos;
				SWIFT_ACTIVE_COMPILATION_CONDITIONS = DEBUG;
				SWIFT_OPTIMIZATION_LEVEL = "-Onone";
			};
			name = Debug;
		};
		348411222A04057300329394 /* Release */ = {
			isa = XCBuildConfiguration;
			buildSettings = {
				ALWAYS_SEARCH_USER_PATHS = NO;
				CLANG_ANALYZER_NONNULL = YES;
				CLANG_ANALYZER_NUMBER_OBJECT_CONVERSION = YES_AGGRESSIVE;
				CLANG_CXX_LANGUAGE_STANDARD = "gnu++20";
				CLANG_ENABLE_MODULES = YES;
				CLANG_ENABLE_OBJC_ARC = YES;
				CLANG_ENABLE_OBJC_WEAK = YES;
				CLANG_WARN_BLOCK_CAPTURE_AUTORELEASING = YES;
				CLANG_WARN_BOOL_CONVERSION = YES;
				CLANG_WARN_COMMA = YES;
				CLANG_WARN_CONSTANT_CONVERSION = YES;
				CLANG_WARN_DEPRECATED_OBJC_IMPLEMENTATIONS = YES;
				CLANG_WARN_DIRECT_OBJC_ISA_USAGE = YES_ERROR;
				CLANG_WARN_DOCUMENTATION_COMMENTS = YES;
				CLANG_WARN_EMPTY_BODY = YES;
				CLANG_WARN_ENUM_CONVERSION = YES;
				CLANG_WARN_INFINITE_RECURSION = YES;
				CLANG_WARN_INT_CONVERSION = YES;
				CLANG_WARN_NON_LITERAL_NULL_CONVERSION = YES;
				CLANG_WARN_OBJC_IMPLICIT_RETAIN_SELF = YES;
				CLANG_WARN_OBJC_LITERAL_CONVERSION = YES;
				CLANG_WARN_OBJC_ROOT_CLASS = YES_ERROR;
				CLANG_WARN_QUOTED_INCLUDE_IN_FRAMEWORK_HEADER = YES;
				CLANG_WARN_RANGE_LOOP_ANALYSIS = YES;
				CLANG_WARN_STRICT_PROTOTYPES = YES;
				CLANG_WARN_SUSPICIOUS_MOVE = YES;
				CLANG_WARN_UNGUARDED_AVAILABILITY = YES_AGGRESSIVE;
				CLANG_WARN_UNREACHABLE_CODE = YES;
				CLANG_WARN__DUPLICATE_METHOD_MATCH = YES;
				COPY_PHASE_STRIP = NO;
				DEBUG_INFORMATION_FORMAT = "dwarf-with-dsym";
				ENABLE_NS_ASSERTIONS = NO;
				ENABLE_STRICT_OBJC_MSGSEND = YES;
				GCC_C_LANGUAGE_STANDARD = gnu11;
				GCC_NO_COMMON_BLOCKS = YES;
				GCC_WARN_64_TO_32_BIT_CONVERSION = YES;
				GCC_WARN_ABOUT_RETURN_TYPE = YES_ERROR;
				GCC_WARN_UNDECLARED_SELECTOR = YES;
				GCC_WARN_UNINITIALIZED_AUTOS = YES_AGGRESSIVE;
				GCC_WARN_UNUSED_FUNCTION = YES;
				GCC_WARN_UNUSED_VARIABLE = YES;
				IPHONEOS_DEPLOYMENT_TARGET = 16.1;
				MTL_ENABLE_DEBUG_INFO = NO;
				MTL_FAST_MATH = YES;
				SDKROOT = iphoneos;
				SWIFT_COMPILATION_MODE = wholemodule;
				SWIFT_OPTIMIZATION_LEVEL = "-O";
				VALIDATE_PRODUCT = YES;
			};
			name = Release;
		};
		348411242A04057300329394 /* Debug */ = {
			isa = XCBuildConfiguration;
			buildSettings = {
				ASSETCATALOG_COMPILER_APPICON_NAME = AppIcon;
				ASSETCATALOG_COMPILER_GLOBAL_ACCENT_COLOR_NAME = AccentColor;
				CODE_SIGN_STYLE = Automatic;
				CURRENT_PROJECT_VERSION = 1;
				DEVELOPMENT_TEAM = MW926W7WXX;
				GENERATE_INFOPLIST_FILE = YES;
				INFOPLIST_FILE = CryptViper/Info.plist;
				INFOPLIST_KEY_UIApplicationSupportsIndirectInputEvents = YES;
				INFOPLIST_KEY_UILaunchStoryboardName = LaunchScreen;
				INFOPLIST_KEY_UIStatusBarStyle = "";
				INFOPLIST_KEY_UISupportedInterfaceOrientations_iPad = "UIInterfaceOrientationPortrait UIInterfaceOrientationPortraitUpsideDown UIInterfaceOrientationLandscapeLeft UIInterfaceOrientationLandscapeRight";
				INFOPLIST_KEY_UISupportedInterfaceOrientations_iPhone = "UIInterfaceOrientationPortrait UIInterfaceOrientationLandscapeLeft UIInterfaceOrientationLandscapeRight";
				LD_RUNPATH_SEARCH_PATHS = (
					"$(inherited)",
					"@executable_path/Frameworks",
				);
				MARKETING_VERSION = 1.0;
				PRODUCT_BUNDLE_IDENTIFIER = com.riofujimon.CryptViper;
				PRODUCT_NAME = "$(TARGET_NAME)";
				SUPPORTED_PLATFORMS = "iphoneos iphonesimulator";
				SUPPORTS_MACCATALYST = NO;
				SUPPORTS_MAC_DESIGNED_FOR_IPHONE_IPAD = NO;
				SWIFT_EMIT_LOC_STRINGS = YES;
				SWIFT_VERSION = 5.0;
				TARGETED_DEVICE_FAMILY = 1;
			};
			name = Debug;
		};
		348411252A04057300329394 /* Release */ = {
			isa = XCBuildConfiguration;
			buildSettings = {
				ASSETCATALOG_COMPILER_APPICON_NAME = AppIcon;
				ASSETCATALOG_COMPILER_GLOBAL_ACCENT_COLOR_NAME = AccentColor;
				CODE_SIGN_STYLE = Automatic;
				CURRENT_PROJECT_VERSION = 1;
				DEVELOPMENT_TEAM = MW926W7WXX;
				GENERATE_INFOPLIST_FILE = YES;
				INFOPLIST_FILE = CryptViper/Info.plist;
				INFOPLIST_KEY_UIApplicationSupportsIndirectInputEvents = YES;
				INFOPLIST_KEY_UILaunchStoryboardName = LaunchScreen;
				INFOPLIST_KEY_UIStatusBarStyle = "";
				INFOPLIST_KEY_UISupportedInterfaceOrientations_iPad = "UIInterfaceOrientationPortrait UIInterfaceOrientationPortraitUpsideDown UIInterfaceOrientationLandscapeLeft UIInterfaceOrientationLandscapeRight";
				INFOPLIST_KEY_UISupportedInterfaceOrientations_iPhone = "UIInterfaceOrientationPortrait UIInterfaceOrientationLandscapeLeft UIInterfaceOrientationLandscapeRight";
				LD_RUNPATH_SEARCH_PATHS = (
					"$(inherited)",
					"@executable_path/Frameworks",
				);
				MARKETING_VERSION = 1.0;
				PRODUCT_BUNDLE_IDENTIFIER = com.riofujimon.CryptViper;
				PRODUCT_NAME = "$(TARGET_NAME)";
				SUPPORTED_PLATFORMS = "iphoneos iphonesimulator";
				SUPPORTS_MACCATALYST = NO;
				SUPPORTS_MAC_DESIGNED_FOR_IPHONE_IPAD = NO;
				SWIFT_EMIT_LOC_STRINGS = YES;
				SWIFT_VERSION = 5.0;
				TARGETED_DEVICE_FAMILY = 1;
			};
			name = Release;
		};
/* End XCBuildConfiguration section */

/* Begin XCConfigurationList section */
		3484110A2A04057200329394 /* Build configuration list for PBXProject "CryptViper" */ = {
			isa = XCConfigurationList;
			buildConfigurations = (
				348411212A04057300329394 /* Debug */,
				348411222A04057300329394 /* Release */,
			);
			defaultConfigurationIsVisible = 0;
			defaultConfigurationName = Release;
		};
		348411232A04057300329394 /* Build configuration list for PBXNativeTarget "CryptViper" */ = {
			isa = XCConfigurationList;
			buildConfigurations = (
				348411242A04057300329394 /* Debug */,
				348411252A04057300329394 /* Release */,
			);
			defaultConfigurationIsVisible = 0;
			defaultConfigurationName = Release;
		};
		40D2B7F79001915BB8B344A1 /* Build configuration list for PBXNativeTarget "CryptViperTests" */ = {
			isa = XCConfigurationList;
			buildConfigurations = (
				0749204F47DE30A75C52F2D5 /* Release */,
				115AAC276DB13502199AD4C4 /* Debug */,
			);
			defaultConfigurationIsVisible = 0;
			defaultConfigurationName = Release;
		};
/* End XCConfigurationList section */
	};
	rootObject = 348411072A04057200329394 /* Project object */;
}
